
Microsoft Visual Studio Solution File, Format Version 12.00
# Visual Studio Version 16
VisualStudioVersion = 16.0.29306.81
MinimumVisualStudioVersion = 10.0.40219.1
Project("{FAE04EC0-301F-11D3-BF4B-00C04F79EFBC}") = "snake game1", "snake game1\snake game1.csproj", "{E4FEE7D8-ACEE-437F-AD8E-B86233EC155E}"
EndProject
Global
	GlobalSection(SolutionConfigurationPlatforms) = preSolution
		Debug|Any CPU = Debug|Any CPU
		Release|Any CPU = Release|Any CPU
	EndGlobalSection
	GlobalSection(ProjectConfigurationPlatforms) = postSolution
		{E4FEE7D8-ACEE-437F-AD8E-B86233EC155E}.Debug|Any CPU.ActiveCfg = Debug|Any CPU
		{E4FEE7D8-ACEE-437F-AD8E-B86233EC155E}.Debug|Any CPU.Build.0 = Debug|Any CPU
		{E4FEE7D8-ACEE-437F-AD8E-B86233EC155E}.Release|Any CPU.ActiveCfg = Release|Any CPU
		{E4FEE7D8-ACEE-437F-AD8E-B86233EC155E}.Release|Any CPU.Build.0 = Release|Any CPU
	EndGlobalSection
	GlobalSection(SolutionProperties) = preSolution
		HideSolutionNode = FALSE
	EndGlobalSection
	GlobalSection(ExtensibilityGlobals) = postSolution
		SolutionGuid = {4618BEFE-E715-4749-9516-256BE8963027}
	EndGlobalSection
EndGlobal
